// !$*UTF8*$!
{
	archiveVersion = 1;
	classes = {
	};
	objectVersion = 55;
	objects = {

/* Begin PBXBuildFile section */
		BC197C5C275B6B9F0087FF3B /* AppDelegate.swift in Sources */ = {isa = PBXBuildFile; fileRef = BC197C5B275B6B9F0087FF3B /* AppDelegate.swift */; };
		BC197C5E275B6B9F0087FF3B /* SceneDelegate.swift in Sources */ = {isa = PBXBuildFile; fileRef = BC197C5D275B6B9F0087FF3B /* SceneDelegate.swift */; };
		BC197C60275B6B9F0087FF3B /* ViewController.swift in Sources */ = {isa = PBXBuildFile; fileRef = BC197C5F275B6B9F0087FF3B /* ViewController.swift */; };
		BC197C63275B6B9F0087FF3B /* Main.storyboard in Resources */ = {isa = PBXBuildFile; fileRef = BC197C61275B6B9F0087FF3B /* Main.storyboard */; };
		BC197C65275B6BA20087FF3B /* Assets.xcassets in Resources */ = {isa = PBXBuildFile; fileRef = BC197C64275B6BA20087FF3B /* Assets.xcassets */; };
		BC197C68275B6BA20087FF3B /* LaunchScreen.storyboard in Resources */ = {isa = PBXBuildFile; fileRef = BC197C66275B6BA20087FF3B /* LaunchScreen.storyboard */; };
		BC197C73275B6BA20087FF3B /* AlarmClockTests.swift in Sources */ = {isa = PBXBuildFile; fileRef = BC197C72275B6BA20087FF3B /* AlarmClockTests.swift */; };
		BC197C7D275B6BA30087FF3B /* AlarmClockUITests.swift in Sources */ = {isa = PBXBuildFile; fileRef = BC197C7C275B6BA30087FF3B /* AlarmClockUITests.swift */; };
		BC197C7F275B6BA30087FF3B /* AlarmClockUITestsLaunchTests.swift in Sources */ = {isa = PBXBuildFile; fileRef = BC197C7E275B6BA30087FF3B /* AlarmClockUITestsLaunchTests.swift */; };
		BC71185E2764B64D005FA1F2 /* EditViewController.swift in Sources */ = {isa = PBXBuildFile; fileRef = BC71185D2764B64D005FA1F2 /* EditViewController.swift */; };
		BC7118602764BF6D005FA1F2 /* ListViewController.swift in Sources */ = {isa = PBXBuildFile; fileRef = BC71185F2764BF6D005FA1F2 /* ListViewController.swift */; };
/* End PBXBuildFile section */

/* Begin PBXContainerItemProxy section */
		BC197C6F275B6BA20087FF3B /* PBXContainerItemProxy */ = {
			isa = PBXContainerItemProxy;
			containerPortal = BC197C50275B6B9F0087FF3B /* Project object */;
			proxyType = 1;
			remoteGlobalIDString = BC197C57275B6B9F0087FF3B;
			remoteInfo = AlarmClock;
		};
		BC197C79275B6BA20087FF3B /* PBXContainerItemProxy */ = {
			isa = PBXContainerItemProxy;
			containerPortal = BC197C50275B6B9F0087FF3B /* Project object */;
			proxyType = 1;
			remoteGlobalIDString = BC197C57275B6B9F0087FF3B;
			remoteInfo = AlarmClock;
		};
/* End PBXContainerItemProxy section */

/* Begin PBXFileReference section */
		BC197C58275B6B9F0087FF3B /* AlarmClock.app */ = {isa = PBXFileReference; explicitFileType = wrapper.application; includeInIndex = 0; path = AlarmClock.app; sourceTree = BUILT_PRODUCTS_DIR; };
		BC197C5B275B6B9F0087FF3B /* AppDelegate.swift */ = {isa = PBXFileReference; lastKnownFileType = sourcecode.swift; path = AppDelegate.swift; sourceTree = "<group>"; };
		BC197C5D275B6B9F0087FF3B /* SceneDelegate.swift */ = {isa = PBXFileReference; lastKnownFileType = sourcecode.swift; path = SceneDelegate.swift; sourceTree = "<group>"; };
		BC197C5F275B6B9F0087FF3B /* ViewController.swift */ = {isa = PBXFileReference; lastKnownFileType = sourcecode.swift; path = ViewController.swift; sourceTree = "<group>"; };
		BC197C62275B6B9F0087FF3B /* Base */ = {isa = PBXFileReference; lastKnownFileType = file.storyboard; name = Base; path = Base.lproj/Main.storyboard; sourceTree = "<group>"; };
		BC197C64275B6BA20087FF3B /* Assets.xcassets */ = {isa = PBXFileReference; lastKnownFileType = folder.assetcatalog; path = Assets.xcassets; sourceTree = "<group>"; };
		BC197C67275B6BA20087FF3B /* Base */ = {isa = PBXFileReference; lastKnownFileType = file.storyboard; name = Base; path = Base.lproj/LaunchScreen.storyboard; sourceTree = "<group>"; };
		BC197C69275B6BA20087FF3B /* Info.plist */ = {isa = PBXFileReference; lastKnownFileType = text.plist.xml; path = Info.plist; sourceTree = "<group>"; };
		BC197C6E275B6BA20087FF3B /* AlarmClockTests.xctest */ = {isa = PBXFileReference; explicitFileType = wrapper.cfbundle; includeInIndex = 0; path = AlarmClockTests.xctest; sourceTree = BUILT_PRODUCTS_DIR; };
		BC197C72275B6BA20087FF3B /* AlarmClockTests.swift */ = {isa = PBXFileReference; lastKnownFileType = sourcecode.swift; path = AlarmClockTests.swift; sourceTree = "<group>"; };
		BC197C78275B6BA20087FF3B /* AlarmClockUITests.xctest */ = {isa = PBXFileReference; explicitFileType = wrapper.cfbundle; includeInIndex = 0; path = AlarmClockUITests.xctest; sourceTree = BUILT_PRODUCTS_DIR; };
		BC197C7C275B6BA30087FF3B /* AlarmClockUITests.swift */ = {isa = PBXFileReference; lastKnownFileType = sourcecode.swift; path = AlarmClockUITests.swift; sourceTree = "<group>"; };
		BC197C7E275B6BA30087FF3B /* AlarmClockUITestsLaunchTests.swift */ = {isa = PBXFileReference; lastKnownFileType = sourcecode.swift; path = AlarmClockUITestsLaunchTests.swift; sourceTree = "<group>"; };
		BC71185D2764B64D005FA1F2 /* EditViewController.swift */ = {isa = PBXFileReference; lastKnownFileType = sourcecode.swift; path = EditViewController.swift; sourceTree = "<group>"; };
		BC71185F2764BF6D005FA1F2 /* ListViewController.swift */ = {isa = PBXFileReference; lastKnownFileType = sourcecode.swift; path = ListViewController.swift; sourceTree = "<group>"; };
/* End PBXFileReference section */

/* Begin PBXFrameworksBuildPhase section */
		BC197C55275B6B9F0087FF3B /* Frameworks */ = {
			isa = PBXFrameworksBuildPhase;
			buildActionMask = 2147483647;
			files = (
			);
			runOnlyForDeploymentPostprocessing = 0;
		};
		BC197C6B275B6BA20087FF3B /* Frameworks */ = {
			isa = PBXFrameworksBuildPhase;
			buildActionMask = 2147483647;
			files = (
			);
			runOnlyForDeploymentPostprocessing = 0;
		};
		BC197C75275B6BA20087FF3B /* Frameworks */ = {
			isa = PBXFrameworksBuildPhase;
			buildActionMask = 2147483647;
			files = (
			);
			runOnlyForDeploymentPostprocessing = 0;
		};
/* End PBXFrameworksBuildPhase section */

/* Begin PBXGroup section */
		BC197C4F275B6B9F0087FF3B = {
			isa = PBXGroup;
			children = (
				BC197C5A275B6B9F0087FF3B /* AlarmClock */,
				BC197C71275B6BA20087FF3B /* AlarmClockTests */,
				BC197C7B275B6BA30087FF3B /* AlarmClockUITests */,
				BC197C59275B6B9F0087FF3B /* Products */,
			);
			sourceTree = "<group>";
		};
		BC197C59275B6B9F0087FF3B /* Products */ = {
			isa = PBXGroup;
			children = (
				BC197C58275B6B9F0087FF3B /* AlarmClock.app */,
				BC197C6E275B6BA20087FF3B /* AlarmClockTests.xctest */,
				BC197C78275B6BA20087FF3B /* AlarmClockUITests.xctest */,
			);
			name = Products;
			sourceTree = "<group>";
		};
		BC197C5A275B6B9F0087FF3B /* AlarmClock */ = {
			isa = PBXGroup;
			children = (
				BC197C5B275B6B9F0087FF3B /* AppDelegate.swift */,
				BC197C5D275B6B9F0087FF3B /* SceneDelegate.swift */,
				BC197C61275B6B9F0087FF3B /* Main.storyboard */,
				BC197C5F275B6B9F0087FF3B /* ViewController.swift */,
				BC71185D2764B64D005FA1F2 /* EditViewController.swift */,
				BC71185F2764BF6D005FA1F2 /* ListViewController.swift */,
				BC197C64275B6BA20087FF3B /* Assets.xcassets */,
				BC197C66275B6BA20087FF3B /* LaunchScreen.storyboard */,
				BC197C69275B6BA20087FF3B /* Info.plist */,
			);
			path = AlarmClock;
			sourceTree = "<group>";
		};
		BC197C71275B6BA20087FF3B /* AlarmClockTests */ = {
			isa = PBXGroup;
			children = (
				BC197C72275B6BA20087FF3B /* AlarmClockTests.swift */,
			);
			path = AlarmClockTests;
			sourceTree = "<group>";
		};
		BC197C7B275B6BA30087FF3B /* AlarmClockUITests */ = {
			isa = PBXGroup;
			children = (
				BC197C7C275B6BA30087FF3B /* AlarmClockUITests.swift */,
				BC197C7E275B6BA30087FF3B /* AlarmClockUITestsLaunchTests.swift */,
			);
			path = AlarmClockUITests;
			sourceTree = "<group>";
		};
/* End PBXGroup section */

/* Begin PBXNativeTarget section */
		BC197C57275B6B9F0087FF3B /* AlarmClock */ = {
			isa = PBXNativeTarget;
			buildConfigurationList = BC197C82275B6BA30087FF3B /* Build configuration list for PBXNativeTarget "AlarmClock" */;
			buildPhases = (
				BC197C54275B6B9F0087FF3B /* Sources */,
				BC197C55275B6B9F0087FF3B /* Frameworks */,
				BC197C56275B6B9F0087FF3B /* Resources */,
			);
			buildRules = (
			);
			dependencies = (
			);
			name = AlarmClock;
			productName = AlarmClock;
			productReference = BC197C58275B6B9F0087FF3B /* AlarmClock.app */;
			productType = "com.apple.product-type.application";
		};
		BC197C6D275B6BA20087FF3B /* AlarmClockTests */ = {
			isa = PBXNativeTarget;
			buildConfigurationList = BC197C85275B6BA30087FF3B /* Build configuration list for PBXNativeTarget "AlarmClockTests" */;
			buildPhases = (
				BC197C6A275B6BA20087FF3B /* Sources */,
				BC197C6B275B6BA20087FF3B /* Frameworks */,
				BC197C6C275B6BA20087FF3B /* Resources */,
			);
			buildRules = (
			);
			dependencies = (
				BC197C70275B6BA20087FF3B /* PBXTargetDependency */,
			);
			name = AlarmClockTests;
			productName = AlarmClockTests;
			productReference = BC197C6E275B6BA20087FF3B /* AlarmClockTests.xctest */;
			productType = "com.apple.product-type.bundle.unit-test";
		};
		BC197C77275B6BA20087FF3B /* AlarmClockUITests */ = {
			isa = PBXNativeTarget;
			buildConfigurationList = BC197C88275B6BA30087FF3B /* Build configuration list for PBXNativeTarget "AlarmClockUITests" */;
			buildPhases = (
				BC197C74275B6BA20087FF3B /* Sources */,
				BC197C75275B6BA20087FF3B /* Frameworks */,
				BC197C76275B6BA20087FF3B /* Resources */,
			);
			buildRules = (
			);
			dependencies = (
				BC197C7A275B6BA20087FF3B /* PBXTargetDependency */,
			);
			name = AlarmClockUITests;
			productName = AlarmClockUITests;
			productReference = BC197C78275B6BA20087FF3B /* AlarmClockUITests.xctest */;
			productType = "com.apple.product-type.bundle.ui-testing";
		};
/* End PBXNativeTarget section */

/* Begin PBXProject section */
		BC197C50275B6B9F0087FF3B /* Project object */ = {
			isa = PBXProject;
			attributes = {
				BuildIndependentTargetsInParallel = 1;
				LastSwiftUpdateCheck = 1310;
				LastUpgradeCheck = 1310;
				TargetAttributes = {
					BC197C57275B6B9F0087FF3B = {
						CreatedOnToolsVersion = 13.1;
					};
					BC197C6D275B6BA20087FF3B = {
						CreatedOnToolsVersion = 13.1;
						TestTargetID = BC197C57275B6B9F0087FF3B;
					};
					BC197C77275B6BA20087FF3B = {
						CreatedOnToolsVersion = 13.1;
						TestTargetID = BC197C57275B6B9F0087FF3B;
					};
				};
			};
			buildConfigurationList = BC197C53275B6B9F0087FF3B /* Build configuration list for PBXProject "AlarmClock" */;
			compatibilityVersion = "Xcode 13.0";
			developmentRegion = en;
			hasScannedForEncodings = 0;
			knownRegions = (
				en,
				Base,
			);
			mainGroup = BC197C4F275B6B9F0087FF3B;
			productRefGroup = BC197C59275B6B9F0087FF3B /* Products */;
			projectDirPath = "";
			projectRoot = "";
			targets = (
				BC197C57275B6B9F0087FF3B /* AlarmClock */,
				BC197C6D275B6BA20087FF3B /* AlarmClockTests */,
				BC197C77275B6BA20087FF3B /* AlarmClockUITests */,
			);
		};
/* End PBXProject section */

/* Begin PBXResourcesBuildPhase section */
		BC197C56275B6B9F0087FF3B /* Resources */ = {
			isa = PBXResourcesBuildPhase;
			buildActionMask = 2147483647;
			files = (
				BC197C68275B6BA20087FF3B /* LaunchScreen.storyboard in Resources */,
				BC197C65275B6BA20087FF3B /* Assets.xcassets in Resources */,
				BC197C63275B6B9F0087FF3B /* Main.storyboard in Resources */,
			);
			runOnlyForDeploymentPostprocessing = 0;
		};
		BC197C6C275B6BA20087FF3B /* Resources */ = {
			isa = PBXResourcesBuildPhase;
			buildActionMask = 2147483647;
			files = (
			);
			runOnlyForDeploymentPostprocessing = 0;
		};
		BC197C76275B6BA20087FF3B /* Resources */ = {
			isa = PBXResourcesBuildPhase;
			buildActionMask = 2147483647;
			files = (
			);
			runOnlyForDeploymentPostprocessing = 0;
		};
/* End PBXResourcesBuildPhase section */

/* Begin PBXSourcesBuildPhase section */
		BC197C54275B6B9F0087FF3B /* Sources */ = {
			isa = PBXSourcesBuildPhase;
			buildActionMask = 2147483647;
			files = (
				BC71185E2764B64D005FA1F2 /* EditViewController.swift in Sources */,
				BC197C60275B6B9F0087FF3B /* ViewController.swift in Sources */,
				BC197C5C275B6B9F0087FF3B /* AppDelegate.swift in Sources */,
				BC7118602764BF6D005FA1F2 /* ListViewController.swift in Sources */,
				BC197C5E275B6B9F0087FF3B /* SceneDelegate.swift in Sources */,
			);
			runOnlyForDeploymentPostprocessing = 0;
		};
		BC197C6A275B6BA20087FF3B /* Sources */ = {
			isa = PBXSourcesBuildPhase;
			buildActionMask = 2147483647;
			files = (
				BC197C73275B6BA20087FF3B /* AlarmClockTests.swift in Sources */,
			);
			runOnlyForDeploymentPostprocessing = 0;
		};
		BC197C74275B6BA20087FF3B /* Sources */ = {
			isa = PBXSourcesBuildPhase;
			buildActionMask = 2147483647;
			files = (
				BC197C7D275B6BA30087FF3B /* AlarmClockUITests.swift in Sources */,
				BC197C7F275B6BA30087FF3B /* AlarmClockUITestsLaunchTests.swift in Sources */,
			);
			runOnlyForDeploymentPostprocessing = 0;
		};
/* End PBXSourcesBuildPhase section */

/* Begin PBXTargetDependency section */
		BC197C70275B6BA20087FF3B /* PBXTargetDependency */ = {
			isa = PBXTargetDependency;
			target = BC197C57275B6B9F0087FF3B /* AlarmClock */;
			targetProxy = BC197C6F275B6BA20087FF3B /* PBXContainerItemProxy */;
		};
		BC197C7A275B6BA20087FF3B /* PBXTargetDependency */ = {
			isa = PBXTargetDependency;
			target = BC197C57275B6B9F0087FF3B /* AlarmClock */;
			targetProxy = BC197C79275B6BA20087FF3B /* PBXContainerItemProxy */;
		};
/* End PBXTargetDependency section */

/* Begin PBXVariantGroup section */
		BC197C61275B6B9F0087FF3B /* Main.storyboard */ = {
			isa = PBXVariantGroup;
			children = (
				BC197C62275B6B9F0087FF3B /* Base */,
			);
			name = Main.storyboard;
			sourceTree = "<group>";
		};
		BC197C66275B6BA20087FF3B /* LaunchScreen.storyboard */ = {
			isa = PBXVariantGroup;
			children = (
				BC197C67275B6BA20087FF3B /* Base */,
			);
			name = LaunchScreen.storyboard;
			sourceTree = "<group>";
		};
/* End PBXVariantGroup section */

/* Begin XCBuildConfiguration section */
		BC197C80275B6BA30087FF3B /* Debug */ = {
			isa = XCBuildConfiguration;
			buildSettings = {
				ALWAYS_SEARCH_USER_PATHS = NO;
				CLANG_ANALYZER_NONNULL = YES;
				CLANG_ANALYZER_NUMBER_OBJECT_CONVERSION = YES_AGGRESSIVE;
				CLANG_CXX_LANGUAGE_STANDARD = "gnu++17";
				CLANG_CXX_LIBRARY = "libc++";
				CLANG_ENABLE_MODULES = YES;
				CLANG_ENABLE_OBJC_ARC = YES;
				CLANG_ENABLE_OBJC_WEAK = YES;
				CLANG_WARN_BLOCK_CAPTURE_AUTORELEASING = YES;
				CLANG_WARN_BOOL_CONVERSION = YES;
				CLANG_WARN_COMMA = YES;
				CLANG_WARN_CONSTANT_CONVERSION = YES;
				CLANG_WARN_DEPRECATED_OBJC_IMPLEMENTATIONS = YES;
				CLANG_WARN_DIRECT_OBJC_ISA_USAGE = YES_ERROR;
				CLANG_WARN_DOCUMENTATION_COMMENTS = YES;
				CLANG_WARN_EMPTY_BODY = YES;
				CLANG_WARN_ENUM_CONVERSION = YES;
				CLANG_WARN_INFINITE_RECURSION = YES;
				CLANG_WARN_INT_CONVERSION = YES;
				CLANG_WARN_NON_LITERAL_NULL_CONVERSION = YES;
				CLANG_WARN_OBJC_IMPLICIT_RETAIN_SELF = YES;
				CLANG_WARN_OBJC_LITERAL_CONVERSION = YES;
				CLANG_WARN_OBJC_ROOT_CLASS = YES_ERROR;
				CLANG_WARN_QUOTED_INCLUDE_IN_FRAMEWORK_HEADER = YES;
				CLANG_WARN_RANGE_LOOP_ANALYSIS = YES;
				CLANG_WARN_STRICT_PROTOTYPES = YES;
				CLANG_WARN_SUSPICIOUS_MOVE = YES;
				CLANG_WARN_UNGUARDED_AVAILABILITY = YES_AGGRESSIVE;
				CLANG_WARN_UNREACHABLE_CODE = YES;
				CLANG_WARN__DUPLICATE_METHOD_MATCH = YES;
				COPY_PHASE_STRIP = NO;
				DEBUG_INFORMATION_FORMAT = dwarf;
				ENABLE_STRICT_OBJC_MSGSEND = YES;
				ENABLE_TESTABILITY = YES;
				GCC_C_LANGUAGE_STANDARD = gnu11;
				GCC_DYNAMIC_NO_PIC = NO;
				GCC_NO_COMMON_BLOCKS = YES;
				GCC_OPTIMIZATION_LEVEL = 0;
				GCC_PREPROCESSOR_DEFINITIONS = (
					"DEBUG=1",
					"$(inherited)",
				);
				GCC_WARN_64_TO_32_BIT_CONVERSION = YES;
				GCC_WARN_ABOUT_RETURN_TYPE = YES_ERROR;
				GCC_WARN_UNDECLARED_SELECTOR = YES;
				GCC_WARN_UNINITIALIZED_AUTOS = YES_AGGRESSIVE;
				GCC_WARN_UNUSED_FUNCTION = YES;
				GCC_WARN_UNUSED_VARIABLE = YES;
				IPHONEOS_DEPLOYMENT_TARGET = 15.0;
				MTL_ENABLE_DEBUG_INFO = INCLUDE_SOURCE;
				MTL_FAST_MATH = YES;
				ONLY_ACTIVE_ARCH = YES;
				SDKROOT = iphoneos;
				SWIFT_ACTIVE_COMPILATION_CONDITIONS = DEBUG;
				SWIFT_OPTIMIZATION_LEVEL = "-Onone";
			};
			name = Debug;
		};
		BC197C81275B6BA30087FF3B /* Release */ = {
			isa = XCBuildConfiguration;
			buildSettings = {
				ALWAYS_SEARCH_USER_PATHS = NO;
				CLANG_ANALYZER_NONNULL = YES;
				CLANG_ANALYZER_NUMBER_OBJECT_CONVERSION = YES_AGGRESSIVE;
				CLANG_CXX_LANGUAGE_STANDARD = "gnu++17";
				CLANG_CXX_LIBRARY = "libc++";
				CLANG_ENABLE_MODULES = YES;
				CLANG_ENABLE_OBJC_ARC = YES;
				CLANG_ENABLE_OBJC_WEAK = YES;
				CLANG_WARN_BLOCK_CAPTURE_AUTORELEASING = YES;
				CLANG_WARN_BOOL_CONVERSION = YES;
				CLANG_WARN_COMMA = YES;
				CLANG_WARN_CONSTANT_CONVERSION = YES;
				CLANG_WARN_DEPRECATED_OBJC_IMPLEMENTATIONS = YES;
				CLANG_WARN_DIRECT_OBJC_ISA_USAGE = YES_ERROR;
				CLANG_WARN_DOCUMENTATION_COMMENTS = YES;
				CLANG_WARN_EMPTY_BODY = YES;
				CLANG_WARN_ENUM_CONVERSION = YES;
				CLANG_WARN_INFINITE_RECURSION = YES;
				CLANG_WARN_INT_CONVERSION = YES;
				CLANG_WARN_NON_LITERAL_NULL_CONVERSION = YES;
				CLANG_WARN_OBJC_IMPLICIT_RETAIN_SELF = YES;
				CLANG_WARN_OBJC_LITERAL_CONVERSION = YES;
				CLANG_WARN_OBJC_ROOT_CLASS = YES_ERROR;
				CLANG_WARN_QUOTED_INCLUDE_IN_FRAMEWORK_HEADER = YES;
				CLANG_WARN_RANGE_LOOP_ANALYSIS = YES;
				CLANG_WARN_STRICT_PROTOTYPES = YES;
				CLANG_WARN_SUSPICIOUS_MOVE = YES;
				CLANG_WARN_UNGUARDED_AVAILABILITY = YES_AGGRESSIVE;
				CLANG_WARN_UNREACHABLE_CODE = YES;
				CLANG_WARN__DUPLICATE_METHOD_MATCH = YES;
				COPY_PHASE_STRIP = NO;
				DEBUG_INFORMATION_FORMAT = "dwarf-with-dsym";
				ENABLE_NS_ASSERTIONS = NO;
				ENABLE_STRICT_OBJC_MSGSEND = YES;
				GCC_C_LANGUAGE_STANDARD = gnu11;
				GCC_NO_COMMON_BLOCKS = YES;
				GCC_WARN_64_TO_32_BIT_CONVERSION = YES;
				GCC_WARN_ABOUT_RETURN_TYPE = YES_ERROR;
				GCC_WARN_UNDECLARED_SELECTOR = YES;
				GCC_WARN_UNINITIALIZED_AUTOS = YES_AGGRESSIVE;
				GCC_WARN_UNUSED_FUNCTION = YES;
				GCC_WARN_UNUSED_VARIABLE = YES;
				IPHONEOS_DEPLOYMENT_TARGET = 15.0;
				MTL_ENABLE_DEBUG_INFO = NO;
				MTL_FAST_MATH = YES;
				SDKROOT = iphoneos;
				SWIFT_COMPILATION_MODE = wholemodule;
				SWIFT_OPTIMIZATION_LEVEL = "-O";
				VALIDATE_PRODUCT = YES;
			};
			name = Release;
		};
		BC197C83275B6BA30087FF3B /* Debug */ = {
			isa = XCBuildConfiguration;
			buildSettings = {
				ASSETCATALOG_COMPILER_APPICON_NAME = AppIcon;
				ASSETCATALOG_COMPILER_GLOBAL_ACCENT_COLOR_NAME = AccentColor;
				CODE_SIGN_STYLE = Automatic;
				CURRENT_PROJECT_VERSION = 1;
				GENERATE_INFOPLIST_FILE = YES;
				INFOPLIST_FILE = AlarmClock/Info.plist;
				INFOPLIST_KEY_UIApplicationSupportsIndirectInputEvents = YES;
				INFOPLIST_KEY_UILaunchStoryboardName = LaunchScreen;
				INFOPLIST_KEY_UIMainStoryboardFile = Main;
				INFOPLIST_KEY_UISupportedInterfaceOrientations_iPad = "UIInterfaceOrientationPortrait UIInterfaceOrientationPortraitUpsideDown UIInterfaceOrientationLandscapeLeft UIInterfaceOrientationLandscapeRight";
				INFOPLIST_KEY_UISupportedInterfaceOrientations_iPhone = "UIInterfaceOrientationPortrait UIInterfaceOrientationLandscapeLeft UIInterfaceOrientationLandscapeRight";
				LD_RUNPATH_SEARCH_PATHS = (
					"$(inherited)",
					"@executable_path/Frameworks",
				);
				MARKETING_VERSION = 1.0;
				PRODUCT_BUNDLE_IDENTIFIER = "app.kumagai-rin.AlarmClock";
				PRODUCT_NAME = "$(TARGET_NAME)";
				SWIFT_EMIT_LOC_STRINGS = YES;
				SWIFT_VERSION = 5.0;
				TARGETED_DEVICE_FAMILY = "1,2";
			};
			name = Debug;
		};
		BC197C84275B6BA30087FF3B /* Release */ = {
			isa = XCBuildConfiguration;
			buildSettings = {
				ASSETCATALOG_COMPILER_APPICON_NAME = AppIcon;
				ASSETCATALOG_COMPILER_GLOBAL_ACCENT_COLOR_NAME = AccentColor;
				CODE_SIGN_STYLE = Automatic;
				CURRENT_PROJECT_VERSION = 1;
				GENERATE_INFOPLIST_FILE = YES;
				INFOPLIST_FILE = AlarmClock/Info.plist;
				INFOPLIST_KEY_UIApplicationSupportsIndirectInputEvents = YES;
				INFOPLIST_KEY_UILaunchStoryboardName = LaunchScreen;
				INFOPLIST_KEY_UIMainStoryboardFile = Main;
				INFOPLIST_KEY_UISupportedInterfaceOrientations_iPad = "UIInterfaceOrientationPortrait UIInterfaceOrientationPortraitUpsideDown UIInterfaceOrientationLandscapeLeft UIInterfaceOrientationLandscapeRight";
				INFOPLIST_KEY_UISupportedInterfaceOrientations_iPhone = "UIInterfaceOrientationPortrait UIInterfaceOrientationLandscapeLeft UIInterfaceOrientationLandscapeRight";
				LD_RUNPATH_SEARCH_PATHS = (
					"$(inherited)",
					"@executable_path/Frameworks",
				);
				MARKETING_VERSION = 1.0;
				PRODUCT_BUNDLE_IDENTIFIER = "app.kumagai-rin.AlarmClock";
				PRODUCT_NAME = "$(TARGET_NAME)";
				SWIFT_EMIT_LOC_STRINGS = YES;
				SWIFT_VERSION = 5.0;
				TARGETED_DEVICE_FAMILY = "1,2";
			};
			name = Release;
		};
		BC197C86275B6BA30087FF3B /* Debug */ = {
			isa = XCBuildConfiguration;
			buildSettings = {
				ALWAYS_EMBED_SWIFT_STANDARD_LIBRARIES = YES;
				BUNDLE_LOADER = "$(TEST_HOST)";
				CODE_SIGN_STYLE = Automatic;
				CURRENT_PROJECT_VERSION = 1;
				GENERATE_INFOPLIST_FILE = YES;
				IPHONEOS_DEPLOYMENT_TARGET = 15.0;
				LD_RUNPATH_SEARCH_PATHS = (
					"$(inherited)",
					"@executable_path/Frameworks",
					"@loader_path/Frameworks",
				);
				MARKETING_VERSION = 1.0;
				PRODUCT_BUNDLE_IDENTIFIER = "app.kumagai-rin.AlarmClockTests";
				PRODUCT_NAME = "$(TARGET_NAME)";
				SWIFT_EMIT_LOC_STRINGS = NO;
				SWIFT_VERSION = 5.0;
				TARGETED_DEVICE_FAMILY = "1,2";
				TEST_HOST = "$(BUILT_PRODUCTS_DIR)/AlarmClock.app/AlarmClock";
			};
			name = Debug;
		};
		BC197C87275B6BA30087FF3B /* Release */ = {
			isa = XCBuildConfiguration;
			buildSettings = {
				ALWAYS_EMBED_SWIFT_STANDARD_LIBRARIES = YES;
				BUNDLE_LOADER = "$(TEST_HOST)";
				CODE_SIGN_STYLE = Automatic;
				CURRENT_PROJECT_VERSION = 1;
				GENERATE_INFOPLIST_FILE = YES;
				IPHONEOS_DEPLOYMENT_TARGET = 15.0;
				LD_RUNPATH_SEARCH_PATHS = (
					"$(inherited)",
					"@executable_path/Frameworks",
					"@loader_path/Frameworks",
				);
				MARKETING_VERSION = 1.0;
				PRODUCT_BUNDLE_IDENTIFIER = "app.kumagai-rin.AlarmClockTests";
				PRODUCT_NAME = "$(TARGET_NAME)";
				SWIFT_EMIT_LOC_STRINGS = NO;
				SWIFT_VERSION = 5.0;
				TARGETED_DEVICE_FAMILY = "1,2";
				TEST_HOST = "$(BUILT_PRODUCTS_DIR)/AlarmClock.app/AlarmClock";
			};
			name = Release;
		};
		BC197C89275B6BA30087FF3B /* Debug */ = {
			isa = XCBuildConfiguration;
			buildSettings = {
				ALWAYS_EMBED_SWIFT_STANDARD_LIBRARIES = YES;
				CODE_SIGN_STYLE = Automatic;
				CURRENT_PROJECT_VERSION = 1;
				GENERATE_INFOPLIST_FILE = YES;
				LD_RUNPATH_SEARCH_PATHS = (
					"$(inherited)",
					"@executable_path/Frameworks",
					"@loader_path/Frameworks",
				);
				MARKETING_VERSION = 1.0;
				PRODUCT_BUNDLE_IDENTIFIER = "app.kumagai-rin.AlarmClockUITests";
				PRODUCT_NAME = "$(TARGET_NAME)";
				SWIFT_EMIT_LOC_STRINGS = NO;
				SWIFT_VERSION = 5.0;
				TARGETED_DEVICE_FAMILY = "1,2";
				TEST_TARGET_NAME = AlarmClock;
			};
			name = Debug;
		};
		BC197C8A275B6BA30087FF3B /* Release */ = {
			isa = XCBuildConfiguration;
			buildSettings = {
				ALWAYS_EMBED_SWIFT_STANDARD_LIBRARIES = YES;
				CODE_SIGN_STYLE = Automatic;
				CURRENT_PROJECT_VERSION = 1;
				GENERATE_INFOPLIST_FILE = YES;
				LD_RUNPATH_SEARCH_PATHS = (
					"$(inherited)",
					"@executable_path/Frameworks",
					"@loader_path/Frameworks",
				);
				MARKETING_VERSION = 1.0;
				PRODUCT_BUNDLE_IDENTIFIER = "app.kumagai-rin.AlarmClockUITests";
				PRODUCT_NAME = "$(TARGET_NAME)";
				SWIFT_EMIT_LOC_STRINGS = NO;
				SWIFT_VERSION = 5.0;
				TARGETED_DEVICE_FAMILY = "1,2";
				TEST_TARGET_NAME = AlarmClock;
			};
			name = Release;
		};
/* End XCBuildConfiguration section */

/* Begin XCConfigurationList section */
		BC197C53275B6B9F0087FF3B /* Build configuration list for PBXProject "AlarmClock" */ = {
			isa = XCConfigurationList;
			buildConfigurations = (
				BC197C80275B6BA30087FF3B /* Debug */,
				BC197C81275B6BA30087FF3B /* Release */,
			);
			defaultConfigurationIsVisible = 0;
			defaultConfigurationName = Release;
		};
		BC197C82275B6BA30087FF3B /* Build configuration list for PBXNativeTarget "AlarmClock" */ = {
			isa = XCConfigurationList;
			buildConfigurations = (
				BC197C83275B6BA30087FF3B /* Debug */,
				BC197C84275B6BA30087FF3B /* Release */,
			);
			defaultConfigurationIsVisible = 0;
			defaultConfigurationName = Release;
		};
		BC197C85275B6BA30087FF3B /* Build configuration list for PBXNativeTarget "AlarmClockTests" */ = {
			isa = XCConfigurationList;
			buildConfigurations = (
				BC197C86275B6BA30087FF3B /* Debug */,
				BC197C87275B6BA30087FF3B /* Release */,
			);
			defaultConfigurationIsVisible = 0;
			defaultConfigurationName = Release;
		};
		BC197C88275B6BA30087FF3B /* Build configuration list for PBXNativeTarget "AlarmClockUITests" */ = {
			isa = XCConfigurationList;
			buildConfigurations = (
				BC197C89275B6BA30087FF3B /* Debug */,
				BC197C8A275B6BA30087FF3B /* Release */,
			);
			defaultConfigurationIsVisible = 0;
			defaultConfigurationName = Release;
		};
/* End XCConfigurationList section */
	};
	rootObject = BC197C50275B6B9F0087FF3B /* Project object */;
}
